# This file is autogenerated, do not edit; changes may be undone by the next 'dep ensure'.


[[projects]]
  digest = "1:76dc72490af7174349349838f2fe118996381b31ea83243812a97e5a0fd5ed55"
  name = "github.com/dgrijalva/jwt-go"
  packages = ["."]
  pruneopts = "UT"
  revision = "06ea1031745cb8b3dab3f6a236daf2b0aa468b7e"
  version = "v3.2.0"

[[projects]]
  digest = "1:e1cbe9ce835f515ce57500b8db6b94f399650bea2ddfac59f9b05d98db77a96d"
  name = "github.com/go-playground/locales"
  packages = [
    ".",
    "currency",
  ]
  pruneopts = "UT"
  revision = "9f105231d3a5f6877a2bf8321dfa15ea6f844b1b"
  version = "v0.13.0"

[[projects]]
  digest = "1:0d18fff5db6983e912eb2ac15038ed3eabb8ec03c9bd9129b10cd0213f50ec6d"
  name = "github.com/go-playground/universal-translator"
  packages = ["."]
  pruneopts = "UT"
  revision = "f87b1403479a348651dbf5f07f5cc6e5fcf07008"
  version = "v0.17.0"

[[projects]]
  digest = "1:9dc3945909f77eaff501d7be8caa1d2c1a9bba9602f92527051d69d973322e58"
  name = "github.com/go-playground/validator"
  packages = ["."]
  pruneopts = "UT"
  revision = "456221b630452990f72c0f13179e5f2ae728a723"
  version = "v10.4.1"

[[projects]]
  digest = "1:ecd9aa82687cf31d1585d4ac61d0ba180e42e8a6182b85bd785fcca8dfeefc1b"
  name = "github.com/joho/godotenv"
  packages = ["."]
  pruneopts = "UT"
  revision = "23d116af351c84513e1946b527c88823e476be13"
  version = "v1.3.0"

[[projects]]
  digest = "1:efd601ad1d1189884f37ed075fadb5bbd17f1f5acf5862827247c6da56d125ba"
  name = "github.com/labstack/echo"
  packages = [
    ".",
    "middleware",
  ]
  pruneopts = "UT"
  revision = "38772c686c76b501f94bd6cd5b77f5842e93b559"
  version = "v3.3.10"

[[projects]]
  digest = "1:e8e65826d60fd82637fb9df06ecd651191b599f4a8f72b86362012f288778320"
  name = "github.com/labstack/gommon"
  packages = [
    "bytes",
    "color",
    "log",
    "random",
  ]
  pruneopts = "UT"
  revision = "4919956f6fb227b548f004da27c7c6b20fba499f"
  version = "v0.3.0"

[[projects]]
  digest = "1:9e016de2759aaa06e25a3a83400b81f99fa0df8de3a4bdecf30945f254f4d20b"
  name = "github.com/leodido/go-urn"
  packages = ["."]
  pruneopts = "UT"
  revision = "6c96508144d00b380edbc8bda077e27b832d0c7b"
  version = "v1.2.1"

[[projects]]
  digest = "1:62f794e53445d22aa4d1709a9123053b9bf7c3284571b5b807f80d57e1648844"
  name = "github.com/lib/pq"
  packages = [
    ".",
    "oid",
    "scram",
  ]
  pruneopts = "UT"
  revision = "4604d39ddc9f62e2ca152114c73aec99b77a3468"
  version = "v1.9.0"

[[projects]]
  digest = "1:304d25ecc3f4ca39f894c959254d3f5fc6176276ccf1f874ded0cd441e2f964f"
  name = "github.com/mattn/go-colorable"
  packages = ["."]
  pruneopts = "UT"
  revision = "2e1b0c1546e0173c0907cf05c67b8ba29ed8b4d1"
  version = "v0.1.8"

[[projects]]
  digest = "1:0c58d31abe2a2ccb429c559b6292e7df89dcda675456fecc282fa90aa08273eb"
  name = "github.com/mattn/go-isatty"
  packages = ["."]
  pruneopts = "UT"
  revision = "7b513a986450394f7bbf1476909911b3aa3a55ce"
  version = "v0.0.12"

[[projects]]
  digest = "1:c468422f334a6b46a19448ad59aaffdfc0a36b08fdcc1c749a0b29b6453d7e59"
  name = "github.com/valyala/bytebufferpool"
  packages = ["."]
  pruneopts = "UT"
  revision = "e746df99fe4a3986f4d4f79e13c1e0117ce9c2f7"
  version = "v1.0.0"

[[projects]]
  digest = "1:d724474523928294ece8cc97e8d2371f27c7e6d3068bfa9ace93bd3105b4fdbd"
  name = "github.com/valyala/fasttemplate"
  packages = ["."]
  pruneopts = "UT"
  revision = "2275c48ed3e40f01fa347e220be31070a89b6ad4"
  version = "v1.2.1"

[[projects]]
  branch = "master"
  digest = "1:0e35ad60d20306d6c194860862a4e5b2ba76a8aafd71064c904728e9a5f26a7a"
  name = "golang.org/x/crypto"
  packages = [
    "acme",
    "acme/autocert",
    "bcrypt",
    "blowfish",
    "sha3",
  ]
  pruneopts = "UT"
  revision = "9d1352758620574fd6fc23c31c59c4333b4b3fff"

[[projects]]
  branch = "master"
  digest = "1:c9114d38f9b4f1b76925ad26f7cf4418e17781008ddafb28f441dfe288e195b6"
  name = "golang.org/x/net"
  packages = ["idna"]
  pruneopts = "UT"
  revision = "986b41b23924a168277bf3df55a4fd462154f916"

[[projects]]
  branch = "master"
  digest = "1:96c56b1140fb0354849571e8066c432feeb1a35cfe4e4e7a8cfc42383aa330b6"
  name = "golang.org/x/sys"
  packages = [
    "cpu",
    "internal/unsafeheader",
    "unix",
  ]
  pruneopts = "UT"
  revision = "7d0127a7474212d658b2b43a776ebb0ac9f10b80"

[[projects]]
  digest = "1:a45009ae1e0da0b589cd5da9f30770041573e61f2f79fb3e86aa3790d5c495c4"
  name = "golang.org/x/text"
  packages = [
    "collate",
    "collate/build",
    "internal/colltab",
    "internal/gen",
    "internal/language",
    "internal/language/compact",
    "internal/tag",
    "internal/triegen",
    "internal/ucd",
    "language",
    "secure/bidirule",
    "transform",
    "unicode/bidi",
    "unicode/cldr",
    "unicode/norm",
    "unicode/rangetable",
  ]
  pruneopts = "UT"
  revision = "22f1617af38ed4cd65b3b96e02bab267e560155c"
  version = "v0.3.4"

[solve-meta]
  analyzer-name = "dep"
  analyzer-version = 1
  input-imports = [
    "github.com/dgrijalva/jwt-go",
    "github.com/go-playground/validator",
    "github.com/joho/godotenv",
    "github.com/labstack/echo",
    "github.com/labstack/echo/middleware",
    "github.com/lib/pq",
    "golang.org/x/crypto/bcrypt",
  ]
  solver-name = "gps-cdcl"
  solver-version = 1
